
Microsoft Visual Studio Solution File, Format Version 12.00
# Visual Studio Version 16
VisualStudioVersion = 25.0.1704.3
MinimumVisualStudioVersion = 10.0.40219.1
Project("{FAE04EC0-301F-11D3-BF4B-00C04F79EFBC}") = "startehouse.api", "startehouse.api.csproj", "{67320D0B-7581-4A88-ADEC-1F570A195D6C}"
EndProject
Global
	GlobalSection(SolutionConfigurationPlatforms) = preSolution
		Debug|Any CPU = Debug|Any CPU
		Release|Any CPU = Release|Any CPU
	EndGlobalSection
	GlobalSection(ProjectConfigurationPlatforms) = postSolution
		{67320D0B-7581-4A88-ADEC-1F570A195D6C}.Debug|Any CPU.ActiveCfg = Debug|Any CPU
		{67320D0B-7581-4A88-ADEC-1F570A195D6C}.Debug|Any CPU.Build.0 = Debug|Any CPU
		{67320D0B-7581-4A88-ADEC-1F570A195D6C}.Release|Any CPU.ActiveCfg = Release|Any CPU
		{67320D0B-7581-4A88-ADEC-1F570A195D6C}.Release|Any CPU.Build.0 = Release|Any CPU
	EndGlobalSection
	GlobalSection(SolutionProperties) = preSolution
		HideSolutionNode = FALSE
	EndGlobalSection
	GlobalSection(ExtensibilityGlobals) = postSolution
		SolutionGuid = {5EBD0FA1-4DF1-43D8-AAD1-D5B52B0620ED}
	EndGlobalSection
EndGlobal
